
Microsoft Visual Studio Solution File, Format Version 12.00
# Visual Studio Version 16
VisualStudioVersion = 16.0.29326.143
MinimumVisualStudioVersion = 10.0.40219.1
Project("{FAE04EC0-301F-11D3-BF4B-00C04F79EFBC}") = "StringCalculator", "StringCalculator\StringCalculator.csproj", "{856AC648-F6C7-47C1-B8FE-26F589438538}"
EndProject
Project("{FAE04EC0-301F-11D3-BF4B-00C04F79EFBC}") = "StringCalculator.UnitTests", "StringCalculator.UnitTests\StringCalculator.UnitTests.csproj", "{178E1236-4C6E-4C0E-ADCD-0DF6D52E792E}"
EndProject
Global
	GlobalSection(SolutionConfigurationPlatforms) = preSolution
		Debug|Any CPU = Debug|Any CPU
		Release|Any CPU = Release|Any CPU
	EndGlobalSection
	GlobalSection(ProjectConfigurationPlatforms) = postSolution
		{856AC648-F6C7-47C1-B8FE-26F589438538}.Debug|Any CPU.ActiveCfg = Debug|Any CPU
		{856AC648-F6C7-47C1-B8FE-26F589438538}.Debug|Any CPU.Build.0 = Debug|Any CPU
		{856AC648-F6C7-47C1-B8FE-26F589438538}.Release|Any CPU.ActiveCfg = Release|Any CPU
		{856AC648-F6C7-47C1-B8FE-26F589438538}.Release|Any CPU.Build.0 = Release|Any CPU
		{178E1236-4C6E-4C0E-ADCD-0DF6D52E792E}.Debug|Any CPU.ActiveCfg = Debug|Any CPU
		{178E1236-4C6E-4C0E-ADCD-0DF6D52E792E}.Debug|Any CPU.Build.0 = Debug|Any CPU
		{178E1236-4C6E-4C0E-ADCD-0DF6D52E792E}.Release|Any CPU.ActiveCfg = Release|Any CPU
		{178E1236-4C6E-4C0E-ADCD-0DF6D52E792E}.Release|Any CPU.Build.0 = Release|Any CPU
	EndGlobalSection
	GlobalSection(SolutionProperties) = preSolution
		HideSolutionNode = FALSE
	EndGlobalSection
	GlobalSection(ExtensibilityGlobals) = postSolution
		SolutionGuid = {5B19C8BD-711C-42B2-9044-E63600FEDB3D}
	EndGlobalSection
EndGlobal
